# THIS IS AN AUTOGENERATED FILE. DO NOT EDIT THIS FILE DIRECTLY.
# yarn lockfile v1


bootstrap@^3.4.1:
  version "3.4.1"
  resolved "https://registry.yarnpkg.com/bootstrap/-/bootstrap-3.4.1.tgz#c3a347d419e289ad11f4033e3c4132b87c081d72"
  integrity sha512-yN5oZVmRCwe5aKwzRj6736nSmKDX7pLYwsXiCj/EYmo16hODaBiT4En5btW/jhBF/seV+XMx3aYwukYC3A49DA==

code-prettify@^0.1.0:
  version "0.1.0"
  resolved "https://registry.yarnpkg.com/code-prettify/-/code-prettify-0.1.0.tgz#46870cc8c1a50d09bad539b33a983dbd4aa34b1e"
  integrity sha512-tNOWwXoF3ycqtvLCGPLYds2hKekmZfsPWinbRcLk6BBHBaSf+v+HJOvfg33VfVzYzvQ6zmVq+WO88oKweiJSQg==

datatables.net-bs@^1.13.0:
  version "1.13.11"
  resolved "https://registry.yarnpkg.com/datatables.net-bs/-/datatables.net-bs-1.13.11.tgz#e7ff1bf71c275d5d68098165522a67919fbea858"
  integrity sha512-oZeXzC2Z+pZc9Wpil6XuuwMPMfllSd+hWEauhKr8q7bTM5fGuBKzAVzSr7Tuo1OzMBZ6NkAb+HSBGCGUn5Qbhg==
  dependencies:
    datatables.net "1.13.11"
    jquery "1.8 - 4"

datatables.net-responsive-bs@^2.5.0:
  version "2.5.1"
  resolved "https://registry.yarnpkg.com/datatables.net-responsive-bs/-/datatables.net-responsive-bs-2.5.1.tgz#6f11029a232271178a45689873515a581f169bf1"
  integrity sha512-54TMkT+C1c1i2GiUGKAUjnh7cuMLH9mkZGk+AuB9oMXeNu+3/5DVx04cZAbdeTSurR5Lgce3ZuYtHtwnAJuvKw==
  dependencies:
    datatables.net-bs "^1.13.0"
    datatables.net-responsive "2.5.1"
    jquery ">=1.7"

datatables.net-responsive@2.5.1:
  version "2.5.1"
  resolved "https://registry.yarnpkg.com/datatables.net-responsive/-/datatables.net-responsive-2.5.1.tgz#9747a3c6e6b59abd33174e1890356357151bb8c0"
  integrity sha512-hyJb2faIzEWUX5Yn4HOSq/6NNB9SXDVbI4OU9ny+XU/2ghZEz4676spOgzpDHTdWvCfM+t1mbUsT70fDiTTr9w==
  dependencies:
    datatables.net "^1.13.0"
    jquery ">=1.7"

datatables.net@1.13.11, datatables.net@^1.13.0:
  version "1.13.11"
  resolved "https://registry.yarnpkg.com/datatables.net/-/datatables.net-1.13.11.tgz#e2a4c8b50553512f241ebfcbc078d74d551183b2"
  integrity sha512-AE6RkMXziRaqzPcu/pl3SJXeRa6fmXQG/fVjuRESujvkzqDCYEeKTTpPMuVJSGYJpPi32WGSphVNNY1G4nSN/g==
  dependencies:
    jquery "1.8 - 4"

dropzone@^5.5.1:
  version "5.9.3"
  resolved "https://registry.yarnpkg.com/dropzone/-/dropzone-5.9.3.tgz#b3070ae090fa48cbc04c17535635537ca72d70d6"
  integrity sha512-Azk8kD/2/nJIuVPK+zQ9sjKMRIpRvNyqn9XwbBHNq+iNuSccbJS6hwm1Woy0pMST0erSo0u4j+KJaodndDk4vA==

fastclick@^1.0.6:
  version "1.0.6"
  resolved "https://registry.yarnpkg.com/fastclick/-/fastclick-1.0.6.tgz#161625b27b1a5806405936bda9a2c1926d06be6a"
  integrity sha512-cXyDBT4g0uWl/Xe75QspBDAgAWQ0lkPi/zgp6YFEUHj6WV6VIZl7R6TiDZhdOVU3W4ehp/8tG61Jev1jit+ztQ==

flatpickr@^4.6.6:
  version "4.6.13"
  resolved "https://registry.yarnpkg.com/flatpickr/-/flatpickr-4.6.13.tgz#8a029548187fd6e0d670908471e43abe9ad18d94"
  integrity sha512-97PMG/aywoYpB4IvbvUJi0RQi8vearvU0oov1WW3k0WZPBMrTQVqekSX5CjSG/M4Q3i6A/0FKXC7RyAoAUUSPw==

font-awesome@^4.7.0:
  version "4.7.0"
  resolved "https://registry.yarnpkg.com/font-awesome/-/font-awesome-4.7.0.tgz#8fa8cf0411a1a31afd07b06d2902bb9fc815a133"
  integrity sha512-U6kGnykA/6bFmg1M/oT9EkFeIYv7JlX3bozwQJWiiLz6L0w3F5vBVPxHlwyX/vtNq1ckcpRKOB9f2Qal/VtFpg==

he@^1.2.0:
  version "1.2.0"
  resolved "https://registry.yarnpkg.com/he/-/he-1.2.0.tgz#84ae65fa7eafb165fddb61566ae14baf05664f0f"
  integrity sha512-F/1DnUGPopORZi0ni+CvrCgHQ5FyEAHRLSApuYWMmrbSwoN2Mn/7k+Gl38gJnR7yyDZk6WLXwiGod1JOWNDKGw==

ionicons@^4.5.5:
  version "4.6.3"
  resolved "https://registry.yarnpkg.com/ionicons/-/ionicons-4.6.3.tgz#e4f3a3e9b66761eb8c0db27798cc1a8ce97777d2"
  integrity sha512-cgP+VIr2cTJpMfFyVHTerq6n2jeoiGboVoe3GlaAo5zoSBDAEXORwUZhv6m+lCyxlsHCS3nqPUE+MKyZU71t8Q==

jquery-validation@^1.19.0:
  version "1.21.0"
  resolved "https://registry.yarnpkg.com/jquery-validation/-/jquery-validation-1.21.0.tgz#78fc05ab76020912a246af3661b3f54a438bca93"
  integrity sha512-xNot0rlUIgu7duMcQ5qb6MGkGL/Z1PQaRJQoZAURW9+a/2PGOUxY36o/WyNeP2T9R6jvWB8Z9lUVvvQWI/Zs5w==

"jquery@1.8 - 4", jquery@>=1.12.0, jquery@>=1.7, jquery@^3.3.1:
  version "3.7.1"
  resolved "https://registry.yarnpkg.com/jquery/-/jquery-3.7.1.tgz#083ef98927c9a6a74d05a6af02806566d16274de"
  integrity sha512-m4avr8yL8kmFN8psrbFFFmB/If14iN5o9nw/NgnnM+kybDJpRsAynV2BsfpTYrTRysYUdADVD7CkUUizgkpLfg==

pace-js@^1.0.2:
  version "1.2.4"
  resolved "https://registry.yarnpkg.com/pace-js/-/pace-js-1.2.4.tgz#699aa54c76411ec0297ac06a8cddb6e11e01db99"
  integrity sha512-qnCxtvUoY9yHId0AwMQCVmWltb698GiuVArmDbQzonTu9QCo0SgWUVnX9jB9mi+/FUSWvQULBPxUAAo/kLrh1A==

select2@^4.0.5:
  version "4.0.13"
  resolved "https://registry.yarnpkg.com/select2/-/select2-4.0.13.tgz#0dbe377df3f96167c4c1626033e924372d8ef44d"
  integrity sha512-1JeB87s6oN/TDxQQYCvS5EFoQyvV6eYMZZ0AeA4tdFDYWN3BAGZ8npr17UBFddU0lgAt3H0yjX3X6/ekOj1yjw==

toastr@^2.1.4:
  version "2.1.4"
  resolved "https://registry.yarnpkg.com/toastr/-/toastr-2.1.4.tgz#8b43be64fb9d0c414871446f2db8e8ca4e95f181"
  integrity sha512-LIy77F5n+sz4tefMmFOntcJ6HL0Fv3k1TDnNmFZ0bU/GcvIIfy6eG2v7zQmMiYgaalAiUv75ttFrPn5s0gyqlA==
  dependencies:
    jquery ">=1.12.0"

trumbowyg@^2.21.0:
  version "2.31.0"
  resolved "https://registry.yarnpkg.com/trumbowyg/-/trumbowyg-2.31.0.tgz#377959f76a4fcafd947570720cc986c843434df2"
  integrity sha512-I+DMiluTpLDx3yn6LR0TIVR7xIOjgtBQmpEE6Ofd+2yl5ruzY63q/yA/DfBuRVxdK7yDYSBe9FXpVjM1P2NdtA==
